
Microsoft Visual Studio Solution File, Format Version 12.00
# Visual Studio 15
VisualStudioVersion = 15.0.28307.572
MinimumVisualStudioVersion = 10.0.40219.1
Project("{FAE04EC0-301F-11D3-BF4B-00C04F79EFBC}") = "MemuFCR_EncDec", "MemuFCR_EncDec\MemuFCR_EncDec.csproj", "{7EE539FE-7206-47DD-833B-4B5F8E2192DB}"
EndProject
Project("{FAE04EC0-301F-11D3-BF4B-00C04F79EFBC}") = "AESEncDecTool", "AESEncDecTool\AESEncDecTool.csproj", "{540A6CE4-51F2-4E23-822F-03A11217BEC2}"
EndProject
Global
	GlobalSection(SolutionConfigurationPlatforms) = preSolution
		Debug|Any CPU = Debug|Any CPU
		Release|Any CPU = Release|Any CPU
	EndGlobalSection
	GlobalSection(ProjectConfigurationPlatforms) = postSolution
		{7EE539FE-7206-47DD-833B-4B5F8E2192DB}.Debug|Any CPU.ActiveCfg = Debug|Any CPU
		{7EE539FE-7206-47DD-833B-4B5F8E2192DB}.Debug|Any CPU.Build.0 = Debug|Any CPU
		{7EE539FE-7206-47DD-833B-4B5F8E2192DB}.Release|Any CPU.ActiveCfg = Release|Any CPU
		{7EE539FE-7206-47DD-833B-4B5F8E2192DB}.Release|Any CPU.Build.0 = Release|Any CPU
		{540A6CE4-51F2-4E23-822F-03A11217BEC2}.Debug|Any CPU.ActiveCfg = Debug|Any CPU
		{540A6CE4-51F2-4E23-822F-03A11217BEC2}.Debug|Any CPU.Build.0 = Debug|Any CPU
		{540A6CE4-51F2-4E23-822F-03A11217BEC2}.Release|Any CPU.ActiveCfg = Release|Any CPU
		{540A6CE4-51F2-4E23-822F-03A11217BEC2}.Release|Any CPU.Build.0 = Release|Any CPU
	EndGlobalSection
	GlobalSection(SolutionProperties) = preSolution
		HideSolutionNode = FALSE
	EndGlobalSection
	GlobalSection(ExtensibilityGlobals) = postSolution
		SolutionGuid = {BABDA8AC-00E0-4815-B534-876F3D0403D6}
	EndGlobalSection
EndGlobal
